
Microsoft Visual Studio Solution File, Format Version 12.00
# Visual Studio 15
VisualStudioVersion = 15.0.28010.2019
MinimumVisualStudioVersion = 10.0.40219.1
Project("{9092AA53-FB77-4645-B42D-1CCCA6BD08BD}") = "InfoReader", "InfoReader\InfoReader.njsproj", "{45D670F6-CCD8-4F1A-936D-55948723274F}"
EndProject
Project("{2150E333-8FDC-42A3-9474-1A3956D46DE8}") = "Solution Items", "Solution Items", "{1E433EFC-C1DF-4DF3-A0ED-D8AAA1C4326B}"
	ProjectSection(SolutionItems) = preProject
		database.sql = database.sql
	EndProjectSection
EndProject
Global
	GlobalSection(SolutionConfigurationPlatforms) = preSolution
		Debug|Any CPU = Debug|Any CPU
		Release|Any CPU = Release|Any CPU
	EndGlobalSection
	GlobalSection(ProjectConfigurationPlatforms) = postSolution
		{45D670F6-CCD8-4F1A-936D-55948723274F}.Debug|Any CPU.ActiveCfg = Debug|Any CPU
		{45D670F6-CCD8-4F1A-936D-55948723274F}.Debug|Any CPU.Build.0 = Debug|Any CPU
		{45D670F6-CCD8-4F1A-936D-55948723274F}.Release|Any CPU.ActiveCfg = Release|Any CPU
		{45D670F6-CCD8-4F1A-936D-55948723274F}.Release|Any CPU.Build.0 = Release|Any CPU
	EndGlobalSection
	GlobalSection(SolutionProperties) = preSolution
		HideSolutionNode = FALSE
	EndGlobalSection
	GlobalSection(ExtensibilityGlobals) = postSolution
		SolutionGuid = {2D6B7A3F-7238-4EF0-BD47-BF2C524DACDA}
	EndGlobalSection
EndGlobal
